// !$*UTF8*$!
{
	archiveVersion = 1;
	classes = {
	};
	objectVersion = 46;
	objects = {

/* Begin PBXBuildFile section */
		0B074E4A1C33013192FA6887 /* Pods_Closer.framework in Frameworks */ = {isa = PBXBuildFile; fileRef = E927C55C04856FB382CC1BB1 /* Pods_Closer.framework */; };
		194BE4AC1E2AD2C8004DF108 /* EventChat.swift in Sources */ = {isa = PBXBuildFile; fileRef = 194BE4A81E2AD2C8004DF108 /* EventChat.swift */; };
		194BE4AD1E2AD2C8004DF108 /* PersonalChat.swift in Sources */ = {isa = PBXBuildFile; fileRef = 194BE4A91E2AD2C8004DF108 /* PersonalChat.swift */; };
		194BE4AE1E2AD2C8004DF108 /* PersonalChatProfile.swift in Sources */ = {isa = PBXBuildFile; fileRef = 194BE4AA1E2AD2C8004DF108 /* PersonalChatProfile.swift */; };
		194BE4AF1E2AD2C8004DF108 /* UnitChat.swift in Sources */ = {isa = PBXBuildFile; fileRef = 194BE4AB1E2AD2C8004DF108 /* UnitChat.swift */; };
		194BE4B31E2AD2E3004DF108 /* ChatListTableViewController.swift in Sources */ = {isa = PBXBuildFile; fileRef = 194BE4B01E2AD2E3004DF108 /* ChatListTableViewController.swift */; };
		194BE4B41E2AD2E3004DF108 /* ChatProfileTableViewCell.swift in Sources */ = {isa = PBXBuildFile; fileRef = 194BE4B11E2AD2E3004DF108 /* ChatProfileTableViewCell.swift */; };
		194BE4B51E2AD2E3004DF108 /* ChatUnitViewController.swift in Sources */ = {isa = PBXBuildFile; fileRef = 194BE4B21E2AD2E3004DF108 /* ChatUnitViewController.swift */; };
		194BE4B81E2AD384004DF108 /* Chat.storyboard in Resources */ = {isa = PBXBuildFile; fileRef = 194BE4B71E2AD384004DF108 /* Chat.storyboard */; };
		3E24EE4D1E2AC10F00A4FFDD /* DCTabBarController.swift in Sources */ = {isa = PBXBuildFile; fileRef = 3E24EE4C1E2AC10F00A4FFDD /* DCTabBarController.swift */; };
		3E24EE511E36A01200A4FFDD /* OwnActivityCell.swift in Sources */ = {isa = PBXBuildFile; fileRef = 3E24EE501E36A01200A4FFDD /* OwnActivityCell.swift */; };
		3E24EE531E36A04700A4FFDD /* ActivityCell.swift in Sources */ = {isa = PBXBuildFile; fileRef = 3E24EE521E36A04700A4FFDD /* ActivityCell.swift */; };
		3E24EE581E36ADF800A4FFDD /* DCViewController.swift in Sources */ = {isa = PBXBuildFile; fileRef = 3E24EE571E36ADF800A4FFDD /* DCViewController.swift */; };
		3E24EE5A1E397D0600A4FFDD /* ActivitySearchController.swift in Sources */ = {isa = PBXBuildFile; fileRef = 3E24EE591E397D0600A4FFDD /* ActivitySearchController.swift */; };
		D707626A1E4FE50600D7833B /* ActivityReviewController.swift in Sources */ = {isa = PBXBuildFile; fileRef = D70762691E4FE50600D7833B /* ActivityReviewController.swift */; };
		D72F7EF81E29EE4C005C6293 /* AchievementReward.swift in Sources */ = {isa = PBXBuildFile; fileRef = D72F7EF21E29EE4C005C6293 /* AchievementReward.swift */; };
		D72F7EF91E29EE4C005C6293 /* Activity.swift in Sources */ = {isa = PBXBuildFile; fileRef = D72F7EF31E29EE4C005C6293 /* Activity.swift */; };
		D72F7EFA1E29EE4C005C6293 /* Recommender.swift in Sources */ = {isa = PBXBuildFile; fileRef = D72F7EF41E29EE4C005C6293 /* Recommender.swift */; };
		D72F7EFB1E29EE4C005C6293 /* RecommenderContext.swift in Sources */ = {isa = PBXBuildFile; fileRef = D72F7EF51E29EE4C005C6293 /* RecommenderContext.swift */; };
		D72F7EFC1E29EE4C005C6293 /* Reward.swift in Sources */ = {isa = PBXBuildFile; fileRef = D72F7EF61E29EE4C005C6293 /* Reward.swift */; };
		D72F7EFD1E29EE4C005C6293 /* User.swift in Sources */ = {isa = PBXBuildFile; fileRef = D72F7EF71E29EE4C005C6293 /* User.swift */; };
		D72F7F041E29EE7A005C6293 /* CircleTableViewController.swift in Sources */ = {isa = PBXBuildFile; fileRef = D72F7EFF1E29EE7A005C6293 /* CircleTableViewController.swift */; };
		D72F7F051E29EE7A005C6293 /* DiscoverViewController.swift in Sources */ = {isa = PBXBuildFile; fileRef = D72F7F001E29EE7A005C6293 /* DiscoverViewController.swift */; };
		D72F7F061E29EE7A005C6293 /* MapViewController.swift in Sources */ = {isa = PBXBuildFile; fileRef = D72F7F011E29EE7A005C6293 /* MapViewController.swift */; };
		D72F7F111E29EED4005C6293 /* SideMenuCategoryTableViewCell.swift in Sources */ = {isa = PBXBuildFile; fileRef = D72F7F0E1E29EED4005C6293 /* SideMenuCategoryTableViewCell.swift */; };
		D72F7F121E29EED4005C6293 /* SideMenuLauncher.swift in Sources */ = {isa = PBXBuildFile; fileRef = D72F7F0F1E29EED4005C6293 /* SideMenuLauncher.swift */; };
		D72F7F131E29EED4005C6293 /* SideMenuTableViewController.swift in Sources */ = {isa = PBXBuildFile; fileRef = D72F7F101E29EED4005C6293 /* SideMenuTableViewController.swift */; };
		D72F7F181E29EF06005C6293 /* Hyperlink.storyboard in Resources */ = {isa = PBXBuildFile; fileRef = D72F7F171E29EF06005C6293 /* Hyperlink.storyboard */; };
		D72F7F201E29EF11005C6293 /* OtherUserTableViewCell.swift in Sources */ = {isa = PBXBuildFile; fileRef = D72F7F1C1E29EF11005C6293 /* OtherUserTableViewCell.swift */; };
		D72F7F221E29EF1A005C6293 /* LoginViewController.swift in Sources */ = {isa = PBXBuildFile; fileRef = D72F7F211E29EF1A005C6293 /* LoginViewController.swift */; };
		D72F7F261E29EF32005C6293 /* AppDelegate.swift in Sources */ = {isa = PBXBuildFile; fileRef = D72F7F231E29EF32005C6293 /* AppDelegate.swift */; };
		D72F7F271E29EF32005C6293 /* GoogleService-Info.plist in Resources */ = {isa = PBXBuildFile; fileRef = D72F7F241E29EF32005C6293 /* GoogleService-Info.plist */; };
		D72F7F281E29EF32005C6293 /* Info.plist in Resources */ = {isa = PBXBuildFile; fileRef = D72F7F251E29EF32005C6293 /* Info.plist */; };
		D72F7F2A1E29F3F4005C6293 /* Assets.xcassets in Resources */ = {isa = PBXBuildFile; fileRef = D72F7F291E29F3F4005C6293 /* Assets.xcassets */; };
		D72F7F2D1E29F82B005C6293 /* Login.storyboard in Resources */ = {isa = PBXBuildFile; fileRef = D72F7F2B1E29F82B005C6293 /* Login.storyboard */; };
		D7BB71071E4324150071219C /* HomePageController.swift in Sources */ = {isa = PBXBuildFile; fileRef = D7BB71061E4324150071219C /* HomePageController.swift */; };
		D7D568611E45CE1B00CC68ED /* OtherUserHomePageController.swift in Sources */ = {isa = PBXBuildFile; fileRef = D7D568601E45CE1B00CC68ED /* OtherUserHomePageController.swift */; };
		D7D568631E464DD000CC68ED /* GeneralActivity.swift in Sources */ = {isa = PBXBuildFile; fileRef = D7D568621E464DD000CC68ED /* GeneralActivity.swift */; };
		D7D568651E464E4000CC68ED /* PersonalUser.swift in Sources */ = {isa = PBXBuildFile; fileRef = D7D568641E464E4000CC68ED /* PersonalUser.swift */; };
		D7D568671E464FCF00CC68ED /* BusinessUser.swift in Sources */ = {isa = PBXBuildFile; fileRef = D7D568661E464FCF00CC68ED /* BusinessUser.swift */; };
		D7D5686B1E4652A800CC68ED /* VirtualFortune.swift in Sources */ = {isa = PBXBuildFile; fileRef = D7D5686A1E4652A800CC68ED /* VirtualFortune.swift */; };
		D7D5686D1E4652C000CC68ED /* UserActionType.swift in Sources */ = {isa = PBXBuildFile; fileRef = D7D5686C1E4652C000CC68ED /* UserActionType.swift */; };
/* End PBXBuildFile section */

/* Begin PBXFileReference section */
		194BE4A81E2AD2C8004DF108 /* EventChat.swift */ = {isa = PBXFileReference; fileEncoding = 4; lastKnownFileType = sourcecode.swift; name = EventChat.swift; path = Models/EventChat.swift; sourceTree = "<group>"; };
		194BE4A91E2AD2C8004DF108 /* PersonalChat.swift */ = {isa = PBXFileReference; fileEncoding = 4; lastKnownFileType = sourcecode.swift; name = PersonalChat.swift; path = Models/PersonalChat.swift; sourceTree = "<group>"; };
		194BE4AA1E2AD2C8004DF108 /* PersonalChatProfile.swift */ = {isa = PBXFileReference; fileEncoding = 4; lastKnownFileType = sourcecode.swift; name = PersonalChatProfile.swift; path = Models/PersonalChatProfile.swift; sourceTree = "<group>"; };
		194BE4AB1E2AD2C8004DF108 /* UnitChat.swift */ = {isa = PBXFileReference; fileEncoding = 4; lastKnownFileType = sourcecode.swift; name = UnitChat.swift; path = Models/UnitChat.swift; sourceTree = "<group>"; };
		194BE4B01E2AD2E3004DF108 /* ChatListTableViewController.swift */ = {isa = PBXFileReference; fileEncoding = 4; lastKnownFileType = sourcecode.swift; name = ChatListTableViewController.swift; path = Chat/ChatListTableViewController.swift; sourceTree = "<group>"; };
		194BE4B11E2AD2E3004DF108 /* ChatProfileTableViewCell.swift */ = {isa = PBXFileReference; fileEncoding = 4; lastKnownFileType = sourcecode.swift; name = ChatProfileTableViewCell.swift; path = Chat/ChatProfileTableViewCell.swift; sourceTree = "<group>"; };
		194BE4B21E2AD2E3004DF108 /* ChatUnitViewController.swift */ = {isa = PBXFileReference; fileEncoding = 4; lastKnownFileType = sourcecode.swift; name = ChatUnitViewController.swift; path = Chat/ChatUnitViewController.swift; sourceTree = "<group>"; };
		194BE4B71E2AD384004DF108 /* Chat.storyboard */ = {isa = PBXFileReference; fileEncoding = 4; lastKnownFileType = file.storyboard; name = Chat.storyboard; path = Chat/Chat.storyboard; sourceTree = "<group>"; };
		3E24EE4C1E2AC10F00A4FFDD /* DCTabBarController.swift */ = {isa = PBXFileReference; fileEncoding = 4; lastKnownFileType = sourcecode.swift; name = DCTabBarController.swift; path = "Discover & Circle/DCTabBarController.swift"; sourceTree = "<group>"; };
		3E24EE501E36A01200A4FFDD /* OwnActivityCell.swift */ = {isa = PBXFileReference; fileEncoding = 4; lastKnownFileType = sourcecode.swift; name = OwnActivityCell.swift; path = "Discover & Circle/OwnActivityCell.swift"; sourceTree = "<group>"; };
		3E24EE521E36A04700A4FFDD /* ActivityCell.swift */ = {isa = PBXFileReference; fileEncoding = 4; lastKnownFileType = sourcecode.swift; name = ActivityCell.swift; path = "Discover & Circle/ActivityCell.swift"; sourceTree = "<group>"; };
		3E24EE571E36ADF800A4FFDD /* DCViewController.swift */ = {isa = PBXFileReference; fileEncoding = 4; lastKnownFileType = sourcecode.swift; name = DCViewController.swift; path = "Discover & Circle/DCViewController.swift"; sourceTree = "<group>"; };
		3E24EE591E397D0600A4FFDD /* ActivitySearchController.swift */ = {isa = PBXFileReference; fileEncoding = 4; lastKnownFileType = sourcecode.swift; name = ActivitySearchController.swift; path = "Discover & Circle/Search Bar/ActivitySearchController.swift"; sourceTree = "<group>"; };
		50F25207255F132C1B1DC24B /* Pods-Closer.release.xcconfig */ = {isa = PBXFileReference; includeInIndex = 1; lastKnownFileType = text.xcconfig; name = "Pods-Closer.release.xcconfig"; path = "Pods/Target Support Files/Pods-Closer/Pods-Closer.release.xcconfig"; sourceTree = "<group>"; };
		CA32EC040E81732242A00E21 /* Pods-Closer.debug.xcconfig */ = {isa = PBXFileReference; includeInIndex = 1; lastKnownFileType = text.xcconfig; name = "Pods-Closer.debug.xcconfig"; path = "Pods/Target Support Files/Pods-Closer/Pods-Closer.debug.xcconfig"; sourceTree = "<group>"; };
		D70762691E4FE50600D7833B /* ActivityReviewController.swift */ = {isa = PBXFileReference; fileEncoding = 4; lastKnownFileType = sourcecode.swift; name = ActivityReviewController.swift; path = ActivityReview/ActivityReviewController.swift; sourceTree = "<group>"; };
		D72F7EF21E29EE4C005C6293 /* AchievementReward.swift */ = {isa = PBXFileReference; fileEncoding = 4; lastKnownFileType = sourcecode.swift; name = AchievementReward.swift; path = Models/AchievementReward.swift; sourceTree = "<group>"; };
		D72F7EF31E29EE4C005C6293 /* Activity.swift */ = {isa = PBXFileReference; fileEncoding = 4; lastKnownFileType = sourcecode.swift; name = Activity.swift; path = Models/Activity.swift; sourceTree = "<group>"; };
		D72F7EF41E29EE4C005C6293 /* Recommender.swift */ = {isa = PBXFileReference; fileEncoding = 4; lastKnownFileType = sourcecode.swift; name = Recommender.swift; path = Models/Recommender.swift; sourceTree = "<group>"; };
		D72F7EF51E29EE4C005C6293 /* RecommenderContext.swift */ = {isa = PBXFileReference; fileEncoding = 4; lastKnownFileType = sourcecode.swift; name = RecommenderContext.swift; path = Models/RecommenderContext.swift; sourceTree = "<group>"; };
		D72F7EF61E29EE4C005C6293 /* Reward.swift */ = {isa = PBXFileReference; fileEncoding = 4; lastKnownFileType = sourcecode.swift; name = Reward.swift; path = Models/Reward.swift; sourceTree = "<group>"; };
		D72F7EF71E29EE4C005C6293 /* User.swift */ = {isa = PBXFileReference; fileEncoding = 4; lastKnownFileType = sourcecode.swift; name = User.swift; path = Models/User.swift; sourceTree = "<group>"; };
		D72F7EFF1E29EE7A005C6293 /* CircleTableViewController.swift */ = {isa = PBXFileReference; fileEncoding = 4; lastKnownFileType = sourcecode.swift; name = CircleTableViewController.swift; path = "Discover & Circle/CircleTableViewController.swift"; sourceTree = "<group>"; };
		D72F7F001E29EE7A005C6293 /* DiscoverViewController.swift */ = {isa = PBXFileReference; fileEncoding = 4; lastKnownFileType = sourcecode.swift; name = DiscoverViewController.swift; path = "Discover & Circle/DiscoverViewController.swift"; sourceTree = "<group>"; };
		D72F7F011E29EE7A005C6293 /* MapViewController.swift */ = {isa = PBXFileReference; fileEncoding = 4; lastKnownFileType = sourcecode.swift; name = MapViewController.swift; path = "Discover & Circle/MapViewController.swift"; sourceTree = "<group>"; };
		D72F7F0E1E29EED4005C6293 /* SideMenuCategoryTableViewCell.swift */ = {isa = PBXFileReference; fileEncoding = 4; lastKnownFileType = sourcecode.swift; name = SideMenuCategoryTableViewCell.swift; path = "Discover & Circle/Side Menu/SideMenuCategoryTableViewCell.swift"; sourceTree = "<group>"; };
		D72F7F0F1E29EED4005C6293 /* SideMenuLauncher.swift */ = {isa = PBXFileReference; fileEncoding = 4; lastKnownFileType = sourcecode.swift; name = SideMenuLauncher.swift; path = "Discover & Circle/Side Menu/SideMenuLauncher.swift"; sourceTree = "<group>"; };
		D72F7F101E29EED4005C6293 /* SideMenuTableViewController.swift */ = {isa = PBXFileReference; fileEncoding = 4; lastKnownFileType = sourcecode.swift; name = SideMenuTableViewController.swift; path = "Discover & Circle/Side Menu/SideMenuTableViewController.swift"; sourceTree = "<group>"; };
		D72F7F171E29EF06005C6293 /* Hyperlink.storyboard */ = {isa = PBXFileReference; fileEncoding = 4; lastKnownFileType = file.storyboard; name = Hyperlink.storyboard; path = HyperLink/Hyperlink.storyboard; sourceTree = "<group>"; };
		D72F7F1C1E29EF11005C6293 /* OtherUserTableViewCell.swift */ = {isa = PBXFileReference; fileEncoding = 4; lastKnownFileType = sourcecode.swift; name = OtherUserTableViewCell.swift; path = HomePage/OtherUserTableViewCell.swift; sourceTree = "<group>"; };
		D72F7F211E29EF1A005C6293 /* LoginViewController.swift */ = {isa = PBXFileReference; fileEncoding = 4; lastKnownFileType = sourcecode.swift; name = LoginViewController.swift; path = Login/LoginViewController.swift; sourceTree = "<group>"; };
		D72F7F231E29EF32005C6293 /* AppDelegate.swift */ = {isa = PBXFileReference; fileEncoding = 4; lastKnownFileType = sourcecode.swift; path = AppDelegate.swift; sourceTree = "<group>"; };
		D72F7F241E29EF32005C6293 /* GoogleService-Info.plist */ = {isa = PBXFileReference; fileEncoding = 4; lastKnownFileType = text.plist.xml; path = "GoogleService-Info.plist"; sourceTree = "<group>"; };
		D72F7F251E29EF32005C6293 /* Info.plist */ = {isa = PBXFileReference; fileEncoding = 4; lastKnownFileType = text.plist.xml; path = Info.plist; sourceTree = "<group>"; };
		D72F7F291E29F3F4005C6293 /* Assets.xcassets */ = {isa = PBXFileReference; lastKnownFileType = folder.assetcatalog; path = Assets.xcassets; sourceTree = "<group>"; };
		D72F7F2C1E29F82B005C6293 /* Base */ = {isa = PBXFileReference; lastKnownFileType = file.storyboard; name = Base; path = Base.lproj/Login.storyboard; sourceTree = "<group>"; };
		D7BB71061E4324150071219C /* HomePageController.swift */ = {isa = PBXFileReference; fileEncoding = 4; lastKnownFileType = sourcecode.swift; name = HomePageController.swift; path = HomePage/HomePageController.swift; sourceTree = "<group>"; };
		D7CE21871E0D80D8006325EB /* Closer.app */ = {isa = PBXFileReference; explicitFileType = wrapper.application; includeInIndex = 0; path = Closer.app; sourceTree = BUILT_PRODUCTS_DIR; };
		D7D568601E45CE1B00CC68ED /* OtherUserHomePageController.swift */ = {isa = PBXFileReference; fileEncoding = 4; lastKnownFileType = sourcecode.swift; name = OtherUserHomePageController.swift; path = HomePage/OtherUserHomePageController.swift; sourceTree = "<group>"; };
		D7D568621E464DD000CC68ED /* GeneralActivity.swift */ = {isa = PBXFileReference; fileEncoding = 4; lastKnownFileType = sourcecode.swift; name = GeneralActivity.swift; path = Models/GeneralActivity.swift; sourceTree = "<group>"; };
		D7D568641E464E4000CC68ED /* PersonalUser.swift */ = {isa = PBXFileReference; fileEncoding = 4; lastKnownFileType = sourcecode.swift; name = PersonalUser.swift; path = Models/PersonalUser.swift; sourceTree = "<group>"; };
		D7D568661E464FCF00CC68ED /* BusinessUser.swift */ = {isa = PBXFileReference; fileEncoding = 4; lastKnownFileType = sourcecode.swift; name = BusinessUser.swift; path = Models/BusinessUser.swift; sourceTree = "<group>"; };
		D7D5686A1E4652A800CC68ED /* VirtualFortune.swift */ = {isa = PBXFileReference; fileEncoding = 4; lastKnownFileType = sourcecode.swift; name = VirtualFortune.swift; path = Models/VirtualFortune.swift; sourceTree = "<group>"; };
		D7D5686C1E4652C000CC68ED /* UserActionType.swift */ = {isa = PBXFileReference; fileEncoding = 4; lastKnownFileType = sourcecode.swift; name = UserActionType.swift; path = Models/UserActionType.swift; sourceTree = "<group>"; };
		E927C55C04856FB382CC1BB1 /* Pods_Closer.framework */ = {isa = PBXFileReference; explicitFileType = wrapper.framework; includeInIndex = 0; path = Pods_Closer.framework; sourceTree = BUILT_PRODUCTS_DIR; };
/* End PBXFileReference section */

/* Begin PBXFrameworksBuildPhase section */
		D7CE21841E0D80D7006325EB /* Frameworks */ = {
			isa = PBXFrameworksBuildPhase;
			buildActionMask = 2147483647;
			files = (
				0B074E4A1C33013192FA6887 /* Pods_Closer.framework in Frameworks */,
			);
			runOnlyForDeploymentPostprocessing = 0;
		};
/* End PBXFrameworksBuildPhase section */

/* Begin PBXGroup section */
		04D4608D4AF7976ED7AF5721 /* Frameworks */ = {
			isa = PBXGroup;
			children = (
				E927C55C04856FB382CC1BB1 /* Pods_Closer.framework */,
			);
			name = Frameworks;
			sourceTree = "<group>";
		};
		194BE4B61E2AD2E9004DF108 /* Chat */ = {
			isa = PBXGroup;
			children = (
				194BE4B71E2AD384004DF108 /* Chat.storyboard */,
				194BE4B01E2AD2E3004DF108 /* ChatListTableViewController.swift */,
				194BE4B11E2AD2E3004DF108 /* ChatProfileTableViewCell.swift */,
				194BE4B21E2AD2E3004DF108 /* ChatUnitViewController.swift */,
			);
			name = Chat;
			sourceTree = "<group>";
		};
		CCD51B5F3BF6CD3E7CFFA315 /* Pods */ = {
			isa = PBXGroup;
			children = (
				CA32EC040E81732242A00E21 /* Pods-Closer.debug.xcconfig */,
				50F25207255F132C1B1DC24B /* Pods-Closer.release.xcconfig */,
			);
			name = Pods;
			sourceTree = "<group>";
		};
		D70762681E4FE4E800D7833B /* ActivityReleaseAndReview */ = {
			isa = PBXGroup;
			children = (
				D70762691E4FE50600D7833B /* ActivityReviewController.swift */,
			);
			name = ActivityReleaseAndReview;
			sourceTree = "<group>";
		};
		D72F7EED1E29EDAA005C6293 /* HomePage */ = {
			isa = PBXGroup;
			children = (
				D72F7F1C1E29EF11005C6293 /* OtherUserTableViewCell.swift */,
				D7BB71061E4324150071219C /* HomePageController.swift */,
				D7D568601E45CE1B00CC68ED /* OtherUserHomePageController.swift */,
			);
			name = HomePage;
			sourceTree = "<group>";
		};
		D72F7EEE1E29EE1A005C6293 /* Login */ = {
			isa = PBXGroup;
			children = (
				D72F7F2B1E29F82B005C6293 /* Login.storyboard */,
				D72F7F211E29EF1A005C6293 /* LoginViewController.swift */,
			);
			name = Login;
			sourceTree = "<group>";
		};
		D72F7EEF1E29EE22005C6293 /* HyperLink */ = {
			isa = PBXGroup;
			children = (
				D72F7F171E29EF06005C6293 /* Hyperlink.storyboard */,
			);
			name = HyperLink;
			sourceTree = "<group>";
		};
		D72F7EF01E29EE2C005C6293 /* Discover & Circle */ = {
			isa = PBXGroup;
			children = (
				3E24EE571E36ADF800A4FFDD /* DCViewController.swift */,
				3E24EE4C1E2AC10F00A4FFDD /* DCTabBarController.swift */,
				D72F7F091E29EEA2005C6293 /* Side Menu */,
				D72F7F081E29EE8E005C6293 /* Search Bar */,
				D72F7EFF1E29EE7A005C6293 /* CircleTableViewController.swift */,
				D72F7F001E29EE7A005C6293 /* DiscoverViewController.swift */,
				D72F7F011E29EE7A005C6293 /* MapViewController.swift */,
				3E24EE521E36A04700A4FFDD /* ActivityCell.swift */,
				3E24EE501E36A01200A4FFDD /* OwnActivityCell.swift */,
			);
			name = "Discover & Circle";
			sourceTree = "<group>";
		};
		D72F7EF11E29EE36005C6293 /* Models */ = {
			isa = PBXGroup;
			children = (
				194BE4A81E2AD2C8004DF108 /* EventChat.swift */,
				194BE4A91E2AD2C8004DF108 /* PersonalChat.swift */,
				194BE4AA1E2AD2C8004DF108 /* PersonalChatProfile.swift */,
				194BE4AB1E2AD2C8004DF108 /* UnitChat.swift */,
				D72F7EF21E29EE4C005C6293 /* AchievementReward.swift */,
				D72F7EF31E29EE4C005C6293 /* Activity.swift */,
				D72F7EF41E29EE4C005C6293 /* Recommender.swift */,
				D72F7EF51E29EE4C005C6293 /* RecommenderContext.swift */,
				D72F7EF61E29EE4C005C6293 /* Reward.swift */,
				D72F7EF71E29EE4C005C6293 /* User.swift */,
				D7D568621E464DD000CC68ED /* GeneralActivity.swift */,
				D7D568641E464E4000CC68ED /* PersonalUser.swift */,
				D7D568661E464FCF00CC68ED /* BusinessUser.swift */,
				D7D5686A1E4652A800CC68ED /* VirtualFortune.swift */,
				D7D5686C1E4652C000CC68ED /* UserActionType.swift */,
			);
			name = Models;
			sourceTree = "<group>";
		};
		D72F7F081E29EE8E005C6293 /* Search Bar */ = {
			isa = PBXGroup;
			children = (
				3E24EE591E397D0600A4FFDD /* ActivitySearchController.swift */,
			);
			name = "Search Bar";
			sourceTree = "<group>";
		};
		D72F7F091E29EEA2005C6293 /* Side Menu */ = {
			isa = PBXGroup;
			children = (
				D72F7F0E1E29EED4005C6293 /* SideMenuCategoryTableViewCell.swift */,
				D72F7F0F1E29EED4005C6293 /* SideMenuLauncher.swift */,
				D72F7F101E29EED4005C6293 /* SideMenuTableViewController.swift */,
			);
			name = "Side Menu";
			sourceTree = "<group>";
		};
		D7CE217E1E0D80D7006325EB = {
			isa = PBXGroup;
			children = (
				D7CE21891E0D80D8006325EB /* Closer */,
				D7CE21881E0D80D8006325EB /* Products */,
				CCD51B5F3BF6CD3E7CFFA315 /* Pods */,
				04D4608D4AF7976ED7AF5721 /* Frameworks */,
			);
			sourceTree = "<group>";
		};
		D7CE21881E0D80D8006325EB /* Products */ = {
			isa = PBXGroup;
			children = (
				D7CE21871E0D80D8006325EB /* Closer.app */,
			);
			name = Products;
			sourceTree = "<group>";
		};
		D7CE21891E0D80D8006325EB /* Closer */ = {
			isa = PBXGroup;
			children = (
				D70762681E4FE4E800D7833B /* ActivityReleaseAndReview */,
				D72F7F291E29F3F4005C6293 /* Assets.xcassets */,
				D72F7F231E29EF32005C6293 /* AppDelegate.swift */,
				D72F7F241E29EF32005C6293 /* GoogleService-Info.plist */,
				D72F7F251E29EF32005C6293 /* Info.plist */,
				D72F7EF11E29EE36005C6293 /* Models */,
				D72F7EF01E29EE2C005C6293 /* Discover & Circle */,
				D72F7EEF1E29EE22005C6293 /* HyperLink */,
				D72F7EEE1E29EE1A005C6293 /* Login */,
				194BE4B61E2AD2E9004DF108 /* Chat */,
				D72F7EED1E29EDAA005C6293 /* HomePage */,
			);
			path = Closer;
			sourceTree = "<group>";
		};
/* End PBXGroup section */

/* Begin PBXNativeTarget section */
		D7CE21861E0D80D7006325EB /* Closer */ = {
			isa = PBXNativeTarget;
			buildConfigurationList = D7CE21991E0D80D8006325EB /* Build configuration list for PBXNativeTarget "Closer" */;
			buildPhases = (
				EDF24A11AD3B1EA7D9B026CF /* [CP] Check Pods Manifest.lock */,
				D7CE21831E0D80D7006325EB /* Sources */,
				D7CE21841E0D80D7006325EB /* Frameworks */,
				D7CE21851E0D80D7006325EB /* Resources */,
				070D570C05D4F99910F587E3 /* [CP] Embed Pods Frameworks */,
				6BDD070354DFA0D11C2153CB /* [CP] Copy Pods Resources */,
			);
			buildRules = (
			);
			dependencies = (
			);
			name = Closer;
			productName = Closer;
			productReference = D7CE21871E0D80D8006325EB /* Closer.app */;
			productType = "com.apple.product-type.application";
		};
/* End PBXNativeTarget section */

/* Begin PBXProject section */
		D7CE217F1E0D80D7006325EB /* Project object */ = {
			isa = PBXProject;
			attributes = {
				LastSwiftUpdateCheck = 0820;
				LastUpgradeCheck = 0820;
				ORGANIZATIONNAME = "Lei Ding";
				TargetAttributes = {
					D7CE21861E0D80D7006325EB = {
						CreatedOnToolsVersion = 8.2.1;
						DevelopmentTeam = 569484JFLC;
						LastSwiftMigration = 0820;
						ProvisioningStyle = Automatic;
					};
				};
			};
			buildConfigurationList = D7CE21821E0D80D7006325EB /* Build configuration list for PBXProject "Closer" */;
			compatibilityVersion = "Xcode 3.2";
			developmentRegion = English;
			hasScannedForEncodings = 0;
			knownRegions = (
				en,
				Base,
			);
			mainGroup = D7CE217E1E0D80D7006325EB;
			productRefGroup = D7CE21881E0D80D8006325EB /* Products */;
			projectDirPath = "";
			projectRoot = "";
			targets = (
				D7CE21861E0D80D7006325EB /* Closer */,
			);
		};
/* End PBXProject section */

/* Begin PBXResourcesBuildPhase section */
		D7CE21851E0D80D7006325EB /* Resources */ = {
			isa = PBXResourcesBuildPhase;
			buildActionMask = 2147483647;
			files = (
				D72F7F2D1E29F82B005C6293 /* Login.storyboard in Resources */,
				D72F7F271E29EF32005C6293 /* GoogleService-Info.plist in Resources */,
				D72F7F181E29EF06005C6293 /* Hyperlink.storyboard in Resources */,
				D72F7F281E29EF32005C6293 /* Info.plist in Resources */,
				D72F7F2A1E29F3F4005C6293 /* Assets.xcassets in Resources */,
				194BE4B81E2AD384004DF108 /* Chat.storyboard in Resources */,
			);
			runOnlyForDeploymentPostprocessing = 0;
		};
/* End PBXResourcesBuildPhase section */

/* Begin PBXShellScriptBuildPhase section */
		070D570C05D4F99910F587E3 /* [CP] Embed Pods Frameworks */ = {
			isa = PBXShellScriptBuildPhase;
			buildActionMask = 2147483647;
			files = (
			);
			inputPaths = (
			);
			name = "[CP] Embed Pods Frameworks";
			outputPaths = (
			);
			runOnlyForDeploymentPostprocessing = 0;
			shellPath = /bin/sh;
			shellScript = "\"${SRCROOT}/Pods/Target Support Files/Pods-Closer/Pods-Closer-frameworks.sh\"\n";
			showEnvVarsInLog = 0;
		};
		6BDD070354DFA0D11C2153CB /* [CP] Copy Pods Resources */ = {
			isa = PBXShellScriptBuildPhase;
			buildActionMask = 2147483647;
			files = (
			);
			inputPaths = (
			);
			name = "[CP] Copy Pods Resources";
			outputPaths = (
			);
			runOnlyForDeploymentPostprocessing = 0;
			shellPath = /bin/sh;
			shellScript = "\"${SRCROOT}/Pods/Target Support Files/Pods-Closer/Pods-Closer-resources.sh\"\n";
			showEnvVarsInLog = 0;
		};
		EDF24A11AD3B1EA7D9B026CF /* [CP] Check Pods Manifest.lock */ = {
			isa = PBXShellScriptBuildPhase;
			buildActionMask = 2147483647;
			files = (
			);
			inputPaths = (
			);
			name = "[CP] Check Pods Manifest.lock";
			outputPaths = (
			);
			runOnlyForDeploymentPostprocessing = 0;
			shellPath = /bin/sh;
			shellScript = "diff \"${PODS_ROOT}/../Podfile.lock\" \"${PODS_ROOT}/Manifest.lock\" > /dev/null\nif [ $? != 0 ] ; then\n    # print error to STDERR\n    echo \"error: The sandbox is not in sync with the Podfile.lock. Run 'pod install' or update your CocoaPods installation.\" >&2\n    exit 1\nfi\n";
			showEnvVarsInLog = 0;
		};
/* End PBXShellScriptBuildPhase section */

/* Begin PBXSourcesBuildPhase section */
		D7CE21831E0D80D7006325EB /* Sources */ = {
			isa = PBXSourcesBuildPhase;
			buildActionMask = 2147483647;
			files = (
				3E24EE5A1E397D0600A4FFDD /* ActivitySearchController.swift in Sources */,
				D72F7F051E29EE7A005C6293 /* DiscoverViewController.swift in Sources */,
				D72F7F111E29EED4005C6293 /* SideMenuCategoryTableViewCell.swift in Sources */,
				D72F7EF91E29EE4C005C6293 /* Activity.swift in Sources */,
				194BE4AD1E2AD2C8004DF108 /* PersonalChat.swift in Sources */,
				194BE4AC1E2AD2C8004DF108 /* EventChat.swift in Sources */,
				D7D568611E45CE1B00CC68ED /* OtherUserHomePageController.swift in Sources */,
				D72F7EFB1E29EE4C005C6293 /* RecommenderContext.swift in Sources */,
				194BE4B41E2AD2E3004DF108 /* ChatProfileTableViewCell.swift in Sources */,
				194BE4AE1E2AD2C8004DF108 /* PersonalChatProfile.swift in Sources */,
				D72F7F061E29EE7A005C6293 /* MapViewController.swift in Sources */,
				D72F7F221E29EF1A005C6293 /* LoginViewController.swift in Sources */,
				D72F7F131E29EED4005C6293 /* SideMenuTableViewController.swift in Sources */,
				194BE4B51E2AD2E3004DF108 /* ChatUnitViewController.swift in Sources */,
				3E24EE511E36A01200A4FFDD /* OwnActivityCell.swift in Sources */,
				D72F7F121E29EED4005C6293 /* SideMenuLauncher.swift in Sources */,
				194BE4AF1E2AD2C8004DF108 /* UnitChat.swift in Sources */,
				D72F7F041E29EE7A005C6293 /* CircleTableViewController.swift in Sources */,
				D72F7EFD1E29EE4C005C6293 /* User.swift in Sources */,
				3E24EE581E36ADF800A4FFDD /* DCViewController.swift in Sources */,
				D72F7EF81E29EE4C005C6293 /* AchievementReward.swift in Sources */,
				D707626A1E4FE50600D7833B /* ActivityReviewController.swift in Sources */,
				D72F7F201E29EF11005C6293 /* OtherUserTableViewCell.swift in Sources */,
				3E24EE531E36A04700A4FFDD /* ActivityCell.swift in Sources */,
				D72F7F261E29EF32005C6293 /* AppDelegate.swift in Sources */,
				D7D5686D1E4652C000CC68ED /* UserActionType.swift in Sources */,
				D7D568671E464FCF00CC68ED /* BusinessUser.swift in Sources */,
				D72F7EFA1E29EE4C005C6293 /* Recommender.swift in Sources */,
				194BE4B31E2AD2E3004DF108 /* ChatListTableViewController.swift in Sources */,
				D7BB71071E4324150071219C /* HomePageController.swift in Sources */,
				D7D568631E464DD000CC68ED /* GeneralActivity.swift in Sources */,
				3E24EE4D1E2AC10F00A4FFDD /* DCTabBarController.swift in Sources */,
				D7D568651E464E4000CC68ED /* PersonalUser.swift in Sources */,
				D72F7EFC1E29EE4C005C6293 /* Reward.swift in Sources */,
				D7D5686B1E4652A800CC68ED /* VirtualFortune.swift in Sources */,
			);
			runOnlyForDeploymentPostprocessing = 0;
		};
/* End PBXSourcesBuildPhase section */

/* Begin PBXVariantGroup section */
		D72F7F2B1E29F82B005C6293 /* Login.storyboard */ = {
			isa = PBXVariantGroup;
			children = (
				D72F7F2C1E29F82B005C6293 /* Base */,
			);
			name = Login.storyboard;
			sourceTree = "<group>";
		};
/* End PBXVariantGroup section */

/* Begin XCBuildConfiguration section */
		D7CE21971E0D80D8006325EB /* Debug */ = {
			isa = XCBuildConfiguration;
			buildSettings = {
				ALWAYS_SEARCH_USER_PATHS = NO;
				CLANG_ANALYZER_NONNULL = YES;
				CLANG_CXX_LANGUAGE_STANDARD = "gnu++0x";
				CLANG_CXX_LIBRARY = "libc++";
				CLANG_ENABLE_MODULES = YES;
				CLANG_ENABLE_OBJC_ARC = YES;
				CLANG_WARN_BOOL_CONVERSION = YES;
				CLANG_WARN_CONSTANT_CONVERSION = YES;
				CLANG_WARN_DIRECT_OBJC_ISA_USAGE = YES_ERROR;
				CLANG_WARN_DOCUMENTATION_COMMENTS = YES;
				CLANG_WARN_EMPTY_BODY = YES;
				CLANG_WARN_ENUM_CONVERSION = YES;
				CLANG_WARN_INFINITE_RECURSION = YES;
				CLANG_WARN_INT_CONVERSION = YES;
				CLANG_WARN_OBJC_ROOT_CLASS = YES_ERROR;
				CLANG_WARN_SUSPICIOUS_MOVE = YES;
				CLANG_WARN_UNREACHABLE_CODE = YES;
				CLANG_WARN__DUPLICATE_METHOD_MATCH = YES;
				"CODE_SIGN_IDENTITY[sdk=iphoneos*]" = "iPhone Developer";
				COPY_PHASE_STRIP = NO;
				DEBUG_INFORMATION_FORMAT = dwarf;
				ENABLE_STRICT_OBJC_MSGSEND = YES;
				ENABLE_TESTABILITY = YES;
				GCC_C_LANGUAGE_STANDARD = gnu99;
				GCC_DYNAMIC_NO_PIC = NO;
				GCC_NO_COMMON_BLOCKS = YES;
				GCC_OPTIMIZATION_LEVEL = 0;
				GCC_PREPROCESSOR_DEFINITIONS = (
					"DEBUG=1",
					"$(inherited)",
				);
				GCC_WARN_64_TO_32_BIT_CONVERSION = YES;
				GCC_WARN_ABOUT_RETURN_TYPE = YES_ERROR;
				GCC_WARN_UNDECLARED_SELECTOR = YES;
				GCC_WARN_UNINITIALIZED_AUTOS = YES_AGGRESSIVE;
				GCC_WARN_UNUSED_FUNCTION = YES;
				GCC_WARN_UNUSED_VARIABLE = YES;
				IPHONEOS_DEPLOYMENT_TARGET = 10.2;
				MTL_ENABLE_DEBUG_INFO = YES;
				ONLY_ACTIVE_ARCH = YES;
				SDKROOT = iphoneos;
				SWIFT_ACTIVE_COMPILATION_CONDITIONS = DEBUG;
				SWIFT_OPTIMIZATION_LEVEL = "-Onone";
				TARGETED_DEVICE_FAMILY = "1,2";
			};
			name = Debug;
		};
		D7CE21981E0D80D8006325EB /* Release */ = {
			isa = XCBuildConfiguration;
			buildSettings = {
				ALWAYS_SEARCH_USER_PATHS = NO;
				CLANG_ANALYZER_NONNULL = YES;
				CLANG_CXX_LANGUAGE_STANDARD = "gnu++0x";
				CLANG_CXX_LIBRARY = "libc++";
				CLANG_ENABLE_MODULES = YES;
				CLANG_ENABLE_OBJC_ARC = YES;
				CLANG_WARN_BOOL_CONVERSION = YES;
				CLANG_WARN_CONSTANT_CONVERSION = YES;
				CLANG_WARN_DIRECT_OBJC_ISA_USAGE = YES_ERROR;
				CLANG_WARN_DOCUMENTATION_COMMENTS = YES;
				CLANG_WARN_EMPTY_BODY = YES;
				CLANG_WARN_ENUM_CONVERSION = YES;
				CLANG_WARN_INFINITE_RECURSION = YES;
				CLANG_WARN_INT_CONVERSION = YES;
				CLANG_WARN_OBJC_ROOT_CLASS = YES_ERROR;
				CLANG_WARN_SUSPICIOUS_MOVE = YES;
				CLANG_WARN_UNREACHABLE_CODE = YES;
				CLANG_WARN__DUPLICATE_METHOD_MATCH = YES;
				"CODE_SIGN_IDENTITY[sdk=iphoneos*]" = "iPhone Developer";
				COPY_PHASE_STRIP = NO;
				DEBUG_INFORMATION_FORMAT = "dwarf-with-dsym";
				ENABLE_NS_ASSERTIONS = NO;
				ENABLE_STRICT_OBJC_MSGSEND = YES;
				GCC_C_LANGUAGE_STANDARD = gnu99;
				GCC_NO_COMMON_BLOCKS = YES;
				GCC_WARN_64_TO_32_BIT_CONVERSION = YES;
				GCC_WARN_ABOUT_RETURN_TYPE = YES_ERROR;
				GCC_WARN_UNDECLARED_SELECTOR = YES;
				GCC_WARN_UNINITIALIZED_AUTOS = YES_AGGRESSIVE;
				GCC_WARN_UNUSED_FUNCTION = YES;
				GCC_WARN_UNUSED_VARIABLE = YES;
				IPHONEOS_DEPLOYMENT_TARGET = 10.2;
				MTL_ENABLE_DEBUG_INFO = NO;
				SDKROOT = iphoneos;
				SWIFT_OPTIMIZATION_LEVEL = "-Owholemodule";
				TARGETED_DEVICE_FAMILY = "1,2";
				VALIDATE_PRODUCT = YES;
			};
			name = Release;
		};
		D7CE219A1E0D80D8006325EB /* Debug */ = {
			isa = XCBuildConfiguration;
			baseConfigurationReference = CA32EC040E81732242A00E21 /* Pods-Closer.debug.xcconfig */;
			buildSettings = {
				ASSETCATALOG_COMPILER_APPICON_NAME = AppIcon;
				CLANG_ENABLE_MODULES = YES;
				DEVELOPMENT_TEAM = 569484JFLC;
				INFOPLIST_FILE = Closer/Info.plist;
				LD_RUNPATH_SEARCH_PATHS = "$(inherited) @executable_path/Frameworks";
				PRODUCT_BUNDLE_IDENTIFIER = Stonre.Closer;
				PRODUCT_NAME = "$(TARGET_NAME)";
				SWIFT_OBJC_BRIDGING_HEADER = "Closer/Closer-Bridging-Header.h";
				SWIFT_OPTIMIZATION_LEVEL = "-Onone";
				SWIFT_VERSION = 3.0;
			};
			name = Debug;
		};
		D7CE219B1E0D80D8006325EB /* Release */ = {
			isa = XCBuildConfiguration;
			baseConfigurationReference = 50F25207255F132C1B1DC24B /* Pods-Closer.release.xcconfig */;
			buildSettings = {
				ASSETCATALOG_COMPILER_APPICON_NAME = AppIcon;
				CLANG_ENABLE_MODULES = YES;
				DEVELOPMENT_TEAM = 569484JFLC;
				INFOPLIST_FILE = Closer/Info.plist;
				LD_RUNPATH_SEARCH_PATHS = "$(inherited) @executable_path/Frameworks";
				PRODUCT_BUNDLE_IDENTIFIER = Stonre.Closer;
				PRODUCT_NAME = "$(TARGET_NAME)";
				SWIFT_OBJC_BRIDGING_HEADER = "Closer/Closer-Bridging-Header.h";
				SWIFT_VERSION = 3.0;
			};
			name = Release;
		};
/* End XCBuildConfiguration section */

/* Begin XCConfigurationList section */
		D7CE21821E0D80D7006325EB /* Build configuration list for PBXProject "Closer" */ = {
			isa = XCConfigurationList;
			buildConfigurations = (
				D7CE21971E0D80D8006325EB /* Debug */,
				D7CE21981E0D80D8006325EB /* Release */,
			);
			defaultConfigurationIsVisible = 0;
			defaultConfigurationName = Release;
		};
		D7CE21991E0D80D8006325EB /* Build configuration list for PBXNativeTarget "Closer" */ = {
			isa = XCConfigurationList;
			buildConfigurations = (
				D7CE219A1E0D80D8006325EB /* Debug */,
				D7CE219B1E0D80D8006325EB /* Release */,
			);
			defaultConfigurationIsVisible = 0;
			defaultConfigurationName = Release;
		};
/* End XCConfigurationList section */
	};
	rootObject = D7CE217F1E0D80D7006325EB /* Project object */;
}
