// !$*UTF8*$!
{
	archiveVersion = 1;
	classes = {
	};
	objectVersion = 46;
	objects = {

/* Begin PBXBuildFile section */
		1905A07F1E154EA20082DEDC /* AppDelegate.swift in Sources */ = {isa = PBXBuildFile; fileRef = 1905A07E1E154EA20082DEDC /* AppDelegate.swift */; };
		1905A0811E154EA20082DEDC /* ViewController.swift in Sources */ = {isa = PBXBuildFile; fileRef = 1905A0801E154EA20082DEDC /* ViewController.swift */; };
		1905A0841E154EA20082DEDC /* Main.storyboard in Resources */ = {isa = PBXBuildFile; fileRef = 1905A0821E154EA20082DEDC /* Main.storyboard */; };
		1905A0861E154EA20082DEDC /* Assets.xcassets in Resources */ = {isa = PBXBuildFile; fileRef = 1905A0851E154EA20082DEDC /* Assets.xcassets */; };
		1905A0891E154EA20082DEDC /* LaunchScreen.storyboard in Resources */ = {isa = PBXBuildFile; fileRef = 1905A0871E154EA20082DEDC /* LaunchScreen.storyboard */; };
		1905A0921E17D23E0082DEDC /* ChatUnit.swift in Sources */ = {isa = PBXBuildFile; fileRef = 1905A0911E17D23E0082DEDC /* ChatUnit.swift */; };
		1905A0981E17DBF60082DEDC /* Activity.swift in Sources */ = {isa = PBXBuildFile; fileRef = 1905A0951E17DBF60082DEDC /* Activity.swift */; };
		1905A0991E17DBF60082DEDC /* Award.swift in Sources */ = {isa = PBXBuildFile; fileRef = 1905A0961E17DBF60082DEDC /* Award.swift */; };
		1905A09A1E17DBF60082DEDC /* User.swift in Sources */ = {isa = PBXBuildFile; fileRef = 1905A0971E17DBF60082DEDC /* User.swift */; };
		1905A09E1E1B799C0082DEDC /* ChatsTableViewController.swift in Sources */ = {isa = PBXBuildFile; fileRef = 1905A09D1E1B799C0082DEDC /* ChatsTableViewController.swift */; };
/* End PBXBuildFile section */

/* Begin PBXFileReference section */
		1905A07B1E154EA20082DEDC /* Closer.app */ = {isa = PBXFileReference; explicitFileType = wrapper.application; includeInIndex = 0; path = Closer.app; sourceTree = BUILT_PRODUCTS_DIR; };
		1905A07E1E154EA20082DEDC /* AppDelegate.swift */ = {isa = PBXFileReference; lastKnownFileType = sourcecode.swift; path = AppDelegate.swift; sourceTree = "<group>"; };
		1905A0801E154EA20082DEDC /* ViewController.swift */ = {isa = PBXFileReference; lastKnownFileType = sourcecode.swift; path = ViewController.swift; sourceTree = "<group>"; };
		1905A0831E154EA20082DEDC /* Base */ = {isa = PBXFileReference; lastKnownFileType = file.storyboard; name = Base; path = Base.lproj/Main.storyboard; sourceTree = "<group>"; };
		1905A0851E154EA20082DEDC /* Assets.xcassets */ = {isa = PBXFileReference; lastKnownFileType = folder.assetcatalog; path = Assets.xcassets; sourceTree = "<group>"; };
		1905A0881E154EA20082DEDC /* Base */ = {isa = PBXFileReference; lastKnownFileType = file.storyboard; name = Base; path = Base.lproj/LaunchScreen.storyboard; sourceTree = "<group>"; };
		1905A08A1E154EA20082DEDC /* Info.plist */ = {isa = PBXFileReference; lastKnownFileType = text.plist.xml; path = Info.plist; sourceTree = "<group>"; };
		1905A0911E17D23E0082DEDC /* ChatUnit.swift */ = {isa = PBXFileReference; fileEncoding = 4; lastKnownFileType = sourcecode.swift; path = ChatUnit.swift; sourceTree = "<group>"; };
		1905A0951E17DBF60082DEDC /* Activity.swift */ = {isa = PBXFileReference; fileEncoding = 4; lastKnownFileType = sourcecode.swift; name = Activity.swift; path = ../../Closer_LeiDing/Closer/Closer/Activity.swift; sourceTree = "<group>"; };
		1905A0961E17DBF60082DEDC /* Award.swift */ = {isa = PBXFileReference; fileEncoding = 4; lastKnownFileType = sourcecode.swift; name = Award.swift; path = ../../Closer_LeiDing/Closer/Closer/Award.swift; sourceTree = "<group>"; };
		1905A0971E17DBF60082DEDC /* User.swift */ = {isa = PBXFileReference; fileEncoding = 4; lastKnownFileType = sourcecode.swift; name = User.swift; path = ../../Closer_LeiDing/Closer/Closer/User.swift; sourceTree = "<group>"; };
		1905A09D1E1B799C0082DEDC /* ChatsTableViewController.swift */ = {isa = PBXFileReference; fileEncoding = 4; lastKnownFileType = sourcecode.swift; path = ChatsTableViewController.swift; sourceTree = "<group>"; };
/* End PBXFileReference section */

/* Begin PBXFrameworksBuildPhase section */
		1905A0781E154EA20082DEDC /* Frameworks */ = {
			isa = PBXFrameworksBuildPhase;
			buildActionMask = 2147483647;
			files = (
			);
			runOnlyForDeploymentPostprocessing = 0;
		};
/* End PBXFrameworksBuildPhase section */

/* Begin PBXGroup section */
		1905A0721E154EA20082DEDC = {
			isa = PBXGroup;
			children = (
				1905A07D1E154EA20082DEDC /* Closer */,
				1905A07C1E154EA20082DEDC /* Products */,
			);
			sourceTree = "<group>";
		};
		1905A07C1E154EA20082DEDC /* Products */ = {
			isa = PBXGroup;
			children = (
				1905A07B1E154EA20082DEDC /* Closer.app */,
			);
			name = Products;
			sourceTree = "<group>";
		};
		1905A07D1E154EA20082DEDC /* Closer */ = {
			isa = PBXGroup;
			children = (
				1905A0801E154EA20082DEDC /* ViewController.swift */,
				1905A0911E17D23E0082DEDC /* ChatUnit.swift */,
				1905A0951E17DBF60082DEDC /* Activity.swift */,
				1905A0961E17DBF60082DEDC /* Award.swift */,
				1905A0971E17DBF60082DEDC /* User.swift */,
				1905A0821E154EA20082DEDC /* Main.storyboard */,
				1905A09D1E1B799C0082DEDC /* ChatsTableViewController.swift */,
				1905A0901E154FA80082DEDC /* Supporting Files */,
			);
			path = Closer;
			sourceTree = "<group>";
		};
		1905A0901E154FA80082DEDC /* Supporting Files */ = {
			isa = PBXGroup;
			children = (
				1905A07E1E154EA20082DEDC /* AppDelegate.swift */,
				1905A0851E154EA20082DEDC /* Assets.xcassets */,
				1905A0871E154EA20082DEDC /* LaunchScreen.storyboard */,
				1905A08A1E154EA20082DEDC /* Info.plist */,
			);
			name = "Supporting Files";
			sourceTree = "<group>";
		};
/* End PBXGroup section */

/* Begin PBXNativeTarget section */
		1905A07A1E154EA20082DEDC /* Closer */ = {
			isa = PBXNativeTarget;
			buildConfigurationList = 1905A08D1E154EA20082DEDC /* Build configuration list for PBXNativeTarget "Closer" */;
			buildPhases = (
				1905A0771E154EA20082DEDC /* Sources */,
				1905A0781E154EA20082DEDC /* Frameworks */,
				1905A0791E154EA20082DEDC /* Resources */,
			);
			buildRules = (
			);
			dependencies = (
			);
			name = Closer;
			productName = Closer;
			productReference = 1905A07B1E154EA20082DEDC /* Closer.app */;
			productType = "com.apple.product-type.application";
		};
/* End PBXNativeTarget section */

/* Begin PBXProject section */
		1905A0731E154EA20082DEDC /* Project object */ = {
			isa = PBXProject;
			attributes = {
				LastSwiftUpdateCheck = 0820;
				LastUpgradeCheck = 0820;
				ORGANIZATIONNAME = Closer;
				TargetAttributes = {
					1905A07A1E154EA20082DEDC = {
						CreatedOnToolsVersion = 8.2;
						DevelopmentTeam = CBAYGW38K9;
						ProvisioningStyle = Automatic;
					};
				};
			};
			buildConfigurationList = 1905A0761E154EA20082DEDC /* Build configuration list for PBXProject "Closer" */;
			compatibilityVersion = "Xcode 3.2";
			developmentRegion = English;
			hasScannedForEncodings = 0;
			knownRegions = (
				en,
				Base,
			);
			mainGroup = 1905A0721E154EA20082DEDC;
			productRefGroup = 1905A07C1E154EA20082DEDC /* Products */;
			projectDirPath = "";
			projectRoot = "";
			targets = (
				1905A07A1E154EA20082DEDC /* Closer */,
			);
		};
/* End PBXProject section */

/* Begin PBXResourcesBuildPhase section */
		1905A0791E154EA20082DEDC /* Resources */ = {
			isa = PBXResourcesBuildPhase;
			buildActionMask = 2147483647;
			files = (
				1905A0891E154EA20082DEDC /* LaunchScreen.storyboard in Resources */,
				1905A0861E154EA20082DEDC /* Assets.xcassets in Resources */,
				1905A0841E154EA20082DEDC /* Main.storyboard in Resources */,
			);
			runOnlyForDeploymentPostprocessing = 0;
		};
/* End PBXResourcesBuildPhase section */

/* Begin PBXSourcesBuildPhase section */
		1905A0771E154EA20082DEDC /* Sources */ = {
			isa = PBXSourcesBuildPhase;
			buildActionMask = 2147483647;
			files = (
				1905A0981E17DBF60082DEDC /* Activity.swift in Sources */,
				1905A0991E17DBF60082DEDC /* Award.swift in Sources */,
				1905A0811E154EA20082DEDC /* ViewController.swift in Sources */,
				1905A07F1E154EA20082DEDC /* AppDelegate.swift in Sources */,
				1905A0921E17D23E0082DEDC /* ChatUnit.swift in Sources */,
				1905A09A1E17DBF60082DEDC /* User.swift in Sources */,
				1905A09E1E1B799C0082DEDC /* ChatsTableViewController.swift in Sources */,
			);
			runOnlyForDeploymentPostprocessing = 0;
		};
/* End PBXSourcesBuildPhase section */

/* Begin PBXVariantGroup section */
		1905A0821E154EA20082DEDC /* Main.storyboard */ = {
			isa = PBXVariantGroup;
			children = (
				1905A0831E154EA20082DEDC /* Base */,
			);
			name = Main.storyboard;
			sourceTree = "<group>";
		};
		1905A0871E154EA20082DEDC /* LaunchScreen.storyboard */ = {
			isa = PBXVariantGroup;
			children = (
				1905A0881E154EA20082DEDC /* Base */,
			);
			name = LaunchScreen.storyboard;
			sourceTree = "<group>";
		};
/* End PBXVariantGroup section */

/* Begin XCBuildConfiguration section */
		1905A08B1E154EA20082DEDC /* Debug */ = {
			isa = XCBuildConfiguration;
			buildSettings = {
				ALWAYS_SEARCH_USER_PATHS = NO;
				CLANG_ANALYZER_NONNULL = YES;
				CLANG_CXX_LANGUAGE_STANDARD = "gnu++0x";
				CLANG_CXX_LIBRARY = "libc++";
				CLANG_ENABLE_MODULES = YES;
				CLANG_ENABLE_OBJC_ARC = YES;
				CLANG_WARN_BOOL_CONVERSION = YES;
				CLANG_WARN_CONSTANT_CONVERSION = YES;
				CLANG_WARN_DIRECT_OBJC_ISA_USAGE = YES_ERROR;
				CLANG_WARN_DOCUMENTATION_COMMENTS = YES;
				CLANG_WARN_EMPTY_BODY = YES;
				CLANG_WARN_ENUM_CONVERSION = YES;
				CLANG_WARN_INFINITE_RECURSION = YES;
				CLANG_WARN_INT_CONVERSION = YES;
				CLANG_WARN_OBJC_ROOT_CLASS = YES_ERROR;
				CLANG_WARN_SUSPICIOUS_MOVE = YES;
				CLANG_WARN_UNREACHABLE_CODE = YES;
				CLANG_WARN__DUPLICATE_METHOD_MATCH = YES;
				"CODE_SIGN_IDENTITY[sdk=iphoneos*]" = "iPhone Developer";
				COPY_PHASE_STRIP = NO;
				DEBUG_INFORMATION_FORMAT = dwarf;
				ENABLE_STRICT_OBJC_MSGSEND = YES;
				ENABLE_TESTABILITY = YES;
				GCC_C_LANGUAGE_STANDARD = gnu99;
				GCC_DYNAMIC_NO_PIC = NO;
				GCC_NO_COMMON_BLOCKS = YES;
				GCC_OPTIMIZATION_LEVEL = 0;
				GCC_PREPROCESSOR_DEFINITIONS = (
					"DEBUG=1",
					"$(inherited)",
				);
				GCC_WARN_64_TO_32_BIT_CONVERSION = YES;
				GCC_WARN_ABOUT_RETURN_TYPE = YES_ERROR;
				GCC_WARN_UNDECLARED_SELECTOR = YES;
				GCC_WARN_UNINITIALIZED_AUTOS = YES_AGGRESSIVE;
				GCC_WARN_UNUSED_FUNCTION = YES;
				GCC_WARN_UNUSED_VARIABLE = YES;
				IPHONEOS_DEPLOYMENT_TARGET = 10.2;
				MTL_ENABLE_DEBUG_INFO = YES;
				ONLY_ACTIVE_ARCH = YES;
				SDKROOT = iphoneos;
				SWIFT_ACTIVE_COMPILATION_CONDITIONS = DEBUG;
				SWIFT_OPTIMIZATION_LEVEL = "-Onone";
				TARGETED_DEVICE_FAMILY = "1,2";
			};
			name = Debug;
		};
		1905A08C1E154EA20082DEDC /* Release */ = {
			isa = XCBuildConfiguration;
			buildSettings = {
				ALWAYS_SEARCH_USER_PATHS = NO;
				CLANG_ANALYZER_NONNULL = YES;
				CLANG_CXX_LANGUAGE_STANDARD = "gnu++0x";
				CLANG_CXX_LIBRARY = "libc++";
				CLANG_ENABLE_MODULES = YES;
				CLANG_ENABLE_OBJC_ARC = YES;
				CLANG_WARN_BOOL_CONVERSION = YES;
				CLANG_WARN_CONSTANT_CONVERSION = YES;
				CLANG_WARN_DIRECT_OBJC_ISA_USAGE = YES_ERROR;
				CLANG_WARN_DOCUMENTATION_COMMENTS = YES;
				CLANG_WARN_EMPTY_BODY = YES;
				CLANG_WARN_ENUM_CONVERSION = YES;
				CLANG_WARN_INFINITE_RECURSION = YES;
				CLANG_WARN_INT_CONVERSION = YES;
				CLANG_WARN_OBJC_ROOT_CLASS = YES_ERROR;
				CLANG_WARN_SUSPICIOUS_MOVE = YES;
				CLANG_WARN_UNREACHABLE_CODE = YES;
				CLANG_WARN__DUPLICATE_METHOD_MATCH = YES;
				"CODE_SIGN_IDENTITY[sdk=iphoneos*]" = "iPhone Developer";
				COPY_PHASE_STRIP = NO;
				DEBUG_INFORMATION_FORMAT = "dwarf-with-dsym";
				ENABLE_NS_ASSERTIONS = NO;
				ENABLE_STRICT_OBJC_MSGSEND = YES;
				GCC_C_LANGUAGE_STANDARD = gnu99;
				GCC_NO_COMMON_BLOCKS = YES;
				GCC_WARN_64_TO_32_BIT_CONVERSION = YES;
				GCC_WARN_ABOUT_RETURN_TYPE = YES_ERROR;
				GCC_WARN_UNDECLARED_SELECTOR = YES;
				GCC_WARN_UNINITIALIZED_AUTOS = YES_AGGRESSIVE;
				GCC_WARN_UNUSED_FUNCTION = YES;
				GCC_WARN_UNUSED_VARIABLE = YES;
				IPHONEOS_DEPLOYMENT_TARGET = 10.2;
				MTL_ENABLE_DEBUG_INFO = NO;
				SDKROOT = iphoneos;
				SWIFT_OPTIMIZATION_LEVEL = "-Owholemodule";
				TARGETED_DEVICE_FAMILY = "1,2";
				VALIDATE_PRODUCT = YES;
			};
			name = Release;
		};
		1905A08E1E154EA20082DEDC /* Debug */ = {
			isa = XCBuildConfiguration;
			buildSettings = {
				ASSETCATALOG_COMPILER_APPICON_NAME = AppIcon;
				DEVELOPMENT_TEAM = CBAYGW38K9;
				INFOPLIST_FILE = Closer/Info.plist;
				LD_RUNPATH_SEARCH_PATHS = "$(inherited) @executable_path/Frameworks";
				PRODUCT_BUNDLE_IDENTIFIER = ydinglavender.Closer;
				PRODUCT_NAME = "$(TARGET_NAME)";
				SWIFT_VERSION = 3.0;
			};
			name = Debug;
		};
		1905A08F1E154EA20082DEDC /* Release */ = {
			isa = XCBuildConfiguration;
			buildSettings = {
				ASSETCATALOG_COMPILER_APPICON_NAME = AppIcon;
				DEVELOPMENT_TEAM = CBAYGW38K9;
				INFOPLIST_FILE = Closer/Info.plist;
				LD_RUNPATH_SEARCH_PATHS = "$(inherited) @executable_path/Frameworks";
				PRODUCT_BUNDLE_IDENTIFIER = ydinglavender.Closer;
				PRODUCT_NAME = "$(TARGET_NAME)";
				SWIFT_VERSION = 3.0;
			};
			name = Release;
		};
/* End XCBuildConfiguration section */

/* Begin XCConfigurationList section */
		1905A0761E154EA20082DEDC /* Build configuration list for PBXProject "Closer" */ = {
			isa = XCConfigurationList;
			buildConfigurations = (
				1905A08B1E154EA20082DEDC /* Debug */,
				1905A08C1E154EA20082DEDC /* Release */,
			);
			defaultConfigurationIsVisible = 0;
			defaultConfigurationName = Release;
		};
		1905A08D1E154EA20082DEDC /* Build configuration list for PBXNativeTarget "Closer" */ = {
			isa = XCConfigurationList;
			buildConfigurations = (
				1905A08E1E154EA20082DEDC /* Debug */,
				1905A08F1E154EA20082DEDC /* Release */,
			);
			defaultConfigurationIsVisible = 0;
			defaultConfigurationName = Release;
		};
/* End XCConfigurationList section */
	};
	rootObject = 1905A0731E154EA20082DEDC /* Project object */;
}
