// !$*UTF8*$!
{
	archiveVersion = 1;
	classes = {
	};
	objectVersion = 46;
	objects = {

/* Begin PBXBuildFile section */
		3E24EDE91E15B4F700A4FFDD /* Reward.swift in Sources */ = {isa = PBXBuildFile; fileRef = 3E24EDE81E15B4F700A4FFDD /* Reward.swift */; };
		3E24EDEB1E15B83400A4FFDD /* AchievementReward.swift in Sources */ = {isa = PBXBuildFile; fileRef = 3E24EDEA1E15B83400A4FFDD /* AchievementReward.swift */; };
		3E24EDED1E15BE7200A4FFDD /* RecommenderContext.swift in Sources */ = {isa = PBXBuildFile; fileRef = 3E24EDEC1E15BE7200A4FFDD /* RecommenderContext.swift */; };
		3EAFC34A1E14FFB100F9B35C /* AppDelegate.swift in Sources */ = {isa = PBXBuildFile; fileRef = 3EAFC3491E14FFB100F9B35C /* AppDelegate.swift */; };
		3EAFC34C1E14FFB100F9B35C /* ViewController.swift in Sources */ = {isa = PBXBuildFile; fileRef = 3EAFC34B1E14FFB100F9B35C /* ViewController.swift */; };
		3EAFC34F1E14FFB100F9B35C /* Main.storyboard in Resources */ = {isa = PBXBuildFile; fileRef = 3EAFC34D1E14FFB100F9B35C /* Main.storyboard */; };
		3EAFC3511E14FFB100F9B35C /* Assets.xcassets in Resources */ = {isa = PBXBuildFile; fileRef = 3EAFC3501E14FFB100F9B35C /* Assets.xcassets */; };
		3EAFC3541E14FFB100F9B35C /* LaunchScreen.storyboard in Resources */ = {isa = PBXBuildFile; fileRef = 3EAFC3521E14FFB100F9B35C /* LaunchScreen.storyboard */; };
		3EAFC35E1E15001300F9B35C /* LoginViewController.swift in Sources */ = {isa = PBXBuildFile; fileRef = 3EAFC35B1E15001300F9B35C /* LoginViewController.swift */; };
		3EAFC35F1E15001300F9B35C /* DiscoverViewController.swift in Sources */ = {isa = PBXBuildFile; fileRef = 3EAFC35C1E15001300F9B35C /* DiscoverViewController.swift */; };
		3EAFC3601E15001300F9B35C /* CircleViewController.swift in Sources */ = {isa = PBXBuildFile; fileRef = 3EAFC35D1E15001300F9B35C /* CircleViewController.swift */; };
		3EAFC3631E15002000F9B35C /* Discover.storyboard in Resources */ = {isa = PBXBuildFile; fileRef = 3EAFC3611E15002000F9B35C /* Discover.storyboard */; };
		3EAFC3671E15067B00F9B35C /* Recommender.swift in Sources */ = {isa = PBXBuildFile; fileRef = 3EAFC3661E15067B00F9B35C /* Recommender.swift */; };
/* End PBXBuildFile section */

/* Begin PBXFileReference section */
		3E24EDE81E15B4F700A4FFDD /* Reward.swift */ = {isa = PBXFileReference; fileEncoding = 4; lastKnownFileType = sourcecode.swift; path = Reward.swift; sourceTree = "<group>"; };
		3E24EDEA1E15B83400A4FFDD /* AchievementReward.swift */ = {isa = PBXFileReference; fileEncoding = 4; lastKnownFileType = sourcecode.swift; path = AchievementReward.swift; sourceTree = "<group>"; };
		3E24EDEC1E15BE7200A4FFDD /* RecommenderContext.swift */ = {isa = PBXFileReference; fileEncoding = 4; lastKnownFileType = sourcecode.swift; path = RecommenderContext.swift; sourceTree = "<group>"; };
		3EAFC3461E14FFB100F9B35C /* Closer.app */ = {isa = PBXFileReference; explicitFileType = wrapper.application; includeInIndex = 0; path = Closer.app; sourceTree = BUILT_PRODUCTS_DIR; };
		3EAFC3491E14FFB100F9B35C /* AppDelegate.swift */ = {isa = PBXFileReference; lastKnownFileType = sourcecode.swift; path = AppDelegate.swift; sourceTree = "<group>"; };
		3EAFC34B1E14FFB100F9B35C /* ViewController.swift */ = {isa = PBXFileReference; lastKnownFileType = sourcecode.swift; path = ViewController.swift; sourceTree = "<group>"; };
		3EAFC34E1E14FFB100F9B35C /* Base */ = {isa = PBXFileReference; lastKnownFileType = file.storyboard; name = Base; path = Base.lproj/Main.storyboard; sourceTree = "<group>"; };
		3EAFC3501E14FFB100F9B35C /* Assets.xcassets */ = {isa = PBXFileReference; lastKnownFileType = folder.assetcatalog; path = Assets.xcassets; sourceTree = "<group>"; };
		3EAFC3531E14FFB100F9B35C /* Base */ = {isa = PBXFileReference; lastKnownFileType = file.storyboard; name = Base; path = Base.lproj/LaunchScreen.storyboard; sourceTree = "<group>"; };
		3EAFC3551E14FFB100F9B35C /* Info.plist */ = {isa = PBXFileReference; lastKnownFileType = text.plist.xml; path = Info.plist; sourceTree = "<group>"; };
		3EAFC35B1E15001300F9B35C /* LoginViewController.swift */ = {isa = PBXFileReference; fileEncoding = 4; lastKnownFileType = sourcecode.swift; path = LoginViewController.swift; sourceTree = "<group>"; };
		3EAFC35C1E15001300F9B35C /* DiscoverViewController.swift */ = {isa = PBXFileReference; fileEncoding = 4; lastKnownFileType = sourcecode.swift; path = DiscoverViewController.swift; sourceTree = "<group>"; };
		3EAFC35D1E15001300F9B35C /* CircleViewController.swift */ = {isa = PBXFileReference; fileEncoding = 4; lastKnownFileType = sourcecode.swift; path = CircleViewController.swift; sourceTree = "<group>"; };
		3EAFC3621E15002000F9B35C /* Base */ = {isa = PBXFileReference; lastKnownFileType = file.storyboard; name = Base; path = Base.lproj/Discover.storyboard; sourceTree = "<group>"; };
		3EAFC3661E15067B00F9B35C /* Recommender.swift */ = {isa = PBXFileReference; fileEncoding = 4; lastKnownFileType = sourcecode.swift; path = Recommender.swift; sourceTree = "<group>"; };
/* End PBXFileReference section */

/* Begin PBXFrameworksBuildPhase section */
		3EAFC3431E14FFB100F9B35C /* Frameworks */ = {
			isa = PBXFrameworksBuildPhase;
			buildActionMask = 2147483647;
			files = (
			);
			runOnlyForDeploymentPostprocessing = 0;
		};
/* End PBXFrameworksBuildPhase section */

/* Begin PBXGroup section */
		3E24EDE51E15B4D200A4FFDD /* Models */ = {
			isa = PBXGroup;
			children = (
				3EAFC3661E15067B00F9B35C /* Recommender.swift */,
				3E24EDEC1E15BE7200A4FFDD /* RecommenderContext.swift */,
				3E24EDE81E15B4F700A4FFDD /* Reward.swift */,
				3E24EDEA1E15B83400A4FFDD /* AchievementReward.swift */,
			);
			name = Models;
			sourceTree = "<group>";
		};
		3EAFC33D1E14FFB100F9B35C = {
			isa = PBXGroup;
			children = (
				3EAFC3481E14FFB100F9B35C /* Closer */,
				3EAFC3471E14FFB100F9B35C /* Products */,
			);
			sourceTree = "<group>";
		};
		3EAFC3471E14FFB100F9B35C /* Products */ = {
			isa = PBXGroup;
			children = (
				3EAFC3461E14FFB100F9B35C /* Closer.app */,
			);
			name = Products;
			sourceTree = "<group>";
		};
		3EAFC3481E14FFB100F9B35C /* Closer */ = {
			isa = PBXGroup;
			children = (
				3E24EDE51E15B4D200A4FFDD /* Models */,
				3EAFC3491E14FFB100F9B35C /* AppDelegate.swift */,
				3EAFC34B1E14FFB100F9B35C /* ViewController.swift */,
				3EAFC3651E15006000F9B35C /* Login */,
				3EAFC3641E15005400F9B35C /* Discover */,
				3EAFC3501E14FFB100F9B35C /* Assets.xcassets */,
				3EAFC3521E14FFB100F9B35C /* LaunchScreen.storyboard */,
				3EAFC3551E14FFB100F9B35C /* Info.plist */,
			);
			path = Closer;
			sourceTree = "<group>";
		};
		3EAFC3641E15005400F9B35C /* Discover */ = {
			isa = PBXGroup;
			children = (
				3EAFC3611E15002000F9B35C /* Discover.storyboard */,
				3EAFC35C1E15001300F9B35C /* DiscoverViewController.swift */,
				3EAFC35D1E15001300F9B35C /* CircleViewController.swift */,
			);
			name = Discover;
			sourceTree = "<group>";
		};
		3EAFC3651E15006000F9B35C /* Login */ = {
			isa = PBXGroup;
			children = (
				3EAFC34D1E14FFB100F9B35C /* Main.storyboard */,
				3EAFC35B1E15001300F9B35C /* LoginViewController.swift */,
			);
			name = Login;
			sourceTree = "<group>";
		};
/* End PBXGroup section */

/* Begin PBXNativeTarget section */
		3EAFC3451E14FFB100F9B35C /* Closer */ = {
			isa = PBXNativeTarget;
			buildConfigurationList = 3EAFC3581E14FFB100F9B35C /* Build configuration list for PBXNativeTarget "Closer" */;
			buildPhases = (
				3EAFC3421E14FFB100F9B35C /* Sources */,
				3EAFC3431E14FFB100F9B35C /* Frameworks */,
				3EAFC3441E14FFB100F9B35C /* Resources */,
			);
			buildRules = (
			);
			dependencies = (
			);
			name = Closer;
			productName = Closer;
			productReference = 3EAFC3461E14FFB100F9B35C /* Closer.app */;
			productType = "com.apple.product-type.application";
		};
/* End PBXNativeTarget section */

/* Begin PBXProject section */
		3EAFC33E1E14FFB100F9B35C /* Project object */ = {
			isa = PBXProject;
			attributes = {
				LastSwiftUpdateCheck = 0820;
				LastUpgradeCheck = 0820;
				ORGANIZATIONNAME = Kaiming;
				TargetAttributes = {
					3EAFC3451E14FFB100F9B35C = {
						CreatedOnToolsVersion = 8.2.1;
						ProvisioningStyle = Automatic;
					};
				};
			};
			buildConfigurationList = 3EAFC3411E14FFB100F9B35C /* Build configuration list for PBXProject "Closer" */;
			compatibilityVersion = "Xcode 3.2";
			developmentRegion = English;
			hasScannedForEncodings = 0;
			knownRegions = (
				en,
				Base,
			);
			mainGroup = 3EAFC33D1E14FFB100F9B35C;
			productRefGroup = 3EAFC3471E14FFB100F9B35C /* Products */;
			projectDirPath = "";
			projectRoot = "";
			targets = (
				3EAFC3451E14FFB100F9B35C /* Closer */,
			);
		};
/* End PBXProject section */

/* Begin PBXResourcesBuildPhase section */
		3EAFC3441E14FFB100F9B35C /* Resources */ = {
			isa = PBXResourcesBuildPhase;
			buildActionMask = 2147483647;
			files = (
				3EAFC3541E14FFB100F9B35C /* LaunchScreen.storyboard in Resources */,
				3EAFC3631E15002000F9B35C /* Discover.storyboard in Resources */,
				3EAFC3511E14FFB100F9B35C /* Assets.xcassets in Resources */,
				3EAFC34F1E14FFB100F9B35C /* Main.storyboard in Resources */,
			);
			runOnlyForDeploymentPostprocessing = 0;
		};
/* End PBXResourcesBuildPhase section */

/* Begin PBXSourcesBuildPhase section */
		3EAFC3421E14FFB100F9B35C /* Sources */ = {
			isa = PBXSourcesBuildPhase;
			buildActionMask = 2147483647;
			files = (
				3E24EDEB1E15B83400A4FFDD /* AchievementReward.swift in Sources */,
				3E24EDED1E15BE7200A4FFDD /* RecommenderContext.swift in Sources */,
				3EAFC3671E15067B00F9B35C /* Recommender.swift in Sources */,
				3EAFC35E1E15001300F9B35C /* LoginViewController.swift in Sources */,
				3EAFC35F1E15001300F9B35C /* DiscoverViewController.swift in Sources */,
				3EAFC3601E15001300F9B35C /* CircleViewController.swift in Sources */,
				3E24EDE91E15B4F700A4FFDD /* Reward.swift in Sources */,
				3EAFC34C1E14FFB100F9B35C /* ViewController.swift in Sources */,
				3EAFC34A1E14FFB100F9B35C /* AppDelegate.swift in Sources */,
			);
			runOnlyForDeploymentPostprocessing = 0;
		};
/* End PBXSourcesBuildPhase section */

/* Begin PBXVariantGroup section */
		3EAFC34D1E14FFB100F9B35C /* Main.storyboard */ = {
			isa = PBXVariantGroup;
			children = (
				3EAFC34E1E14FFB100F9B35C /* Base */,
			);
			name = Main.storyboard;
			sourceTree = "<group>";
		};
		3EAFC3521E14FFB100F9B35C /* LaunchScreen.storyboard */ = {
			isa = PBXVariantGroup;
			children = (
				3EAFC3531E14FFB100F9B35C /* Base */,
			);
			name = LaunchScreen.storyboard;
			sourceTree = "<group>";
		};
		3EAFC3611E15002000F9B35C /* Discover.storyboard */ = {
			isa = PBXVariantGroup;
			children = (
				3EAFC3621E15002000F9B35C /* Base */,
			);
			name = Discover.storyboard;
			sourceTree = "<group>";
		};
/* End PBXVariantGroup section */

/* Begin XCBuildConfiguration section */
		3EAFC3561E14FFB100F9B35C /* Debug */ = {
			isa = XCBuildConfiguration;
			buildSettings = {
				ALWAYS_SEARCH_USER_PATHS = NO;
				CLANG_ANALYZER_NONNULL = YES;
				CLANG_CXX_LANGUAGE_STANDARD = "gnu++0x";
				CLANG_CXX_LIBRARY = "libc++";
				CLANG_ENABLE_MODULES = YES;
				CLANG_ENABLE_OBJC_ARC = YES;
				CLANG_WARN_BOOL_CONVERSION = YES;
				CLANG_WARN_CONSTANT_CONVERSION = YES;
				CLANG_WARN_DIRECT_OBJC_ISA_USAGE = YES_ERROR;
				CLANG_WARN_DOCUMENTATION_COMMENTS = YES;
				CLANG_WARN_EMPTY_BODY = YES;
				CLANG_WARN_ENUM_CONVERSION = YES;
				CLANG_WARN_INFINITE_RECURSION = YES;
				CLANG_WARN_INT_CONVERSION = YES;
				CLANG_WARN_OBJC_ROOT_CLASS = YES_ERROR;
				CLANG_WARN_SUSPICIOUS_MOVE = YES;
				CLANG_WARN_UNREACHABLE_CODE = YES;
				CLANG_WARN__DUPLICATE_METHOD_MATCH = YES;
				"CODE_SIGN_IDENTITY[sdk=iphoneos*]" = "iPhone Developer";
				COPY_PHASE_STRIP = NO;
				DEBUG_INFORMATION_FORMAT = dwarf;
				ENABLE_STRICT_OBJC_MSGSEND = YES;
				ENABLE_TESTABILITY = YES;
				GCC_C_LANGUAGE_STANDARD = gnu99;
				GCC_DYNAMIC_NO_PIC = NO;
				GCC_NO_COMMON_BLOCKS = YES;
				GCC_OPTIMIZATION_LEVEL = 0;
				GCC_PREPROCESSOR_DEFINITIONS = (
					"DEBUG=1",
					"$(inherited)",
				);
				GCC_WARN_64_TO_32_BIT_CONVERSION = YES;
				GCC_WARN_ABOUT_RETURN_TYPE = YES_ERROR;
				GCC_WARN_UNDECLARED_SELECTOR = YES;
				GCC_WARN_UNINITIALIZED_AUTOS = YES_AGGRESSIVE;
				GCC_WARN_UNUSED_FUNCTION = YES;
				GCC_WARN_UNUSED_VARIABLE = YES;
				IPHONEOS_DEPLOYMENT_TARGET = 10.2;
				MTL_ENABLE_DEBUG_INFO = YES;
				ONLY_ACTIVE_ARCH = YES;
				SDKROOT = iphoneos;
				SWIFT_ACTIVE_COMPILATION_CONDITIONS = DEBUG;
				SWIFT_OPTIMIZATION_LEVEL = "-Onone";
				TARGETED_DEVICE_FAMILY = "1,2";
			};
			name = Debug;
		};
		3EAFC3571E14FFB100F9B35C /* Release */ = {
			isa = XCBuildConfiguration;
			buildSettings = {
				ALWAYS_SEARCH_USER_PATHS = NO;
				CLANG_ANALYZER_NONNULL = YES;
				CLANG_CXX_LANGUAGE_STANDARD = "gnu++0x";
				CLANG_CXX_LIBRARY = "libc++";
				CLANG_ENABLE_MODULES = YES;
				CLANG_ENABLE_OBJC_ARC = YES;
				CLANG_WARN_BOOL_CONVERSION = YES;
				CLANG_WARN_CONSTANT_CONVERSION = YES;
				CLANG_WARN_DIRECT_OBJC_ISA_USAGE = YES_ERROR;
				CLANG_WARN_DOCUMENTATION_COMMENTS = YES;
				CLANG_WARN_EMPTY_BODY = YES;
				CLANG_WARN_ENUM_CONVERSION = YES;
				CLANG_WARN_INFINITE_RECURSION = YES;
				CLANG_WARN_INT_CONVERSION = YES;
				CLANG_WARN_OBJC_ROOT_CLASS = YES_ERROR;
				CLANG_WARN_SUSPICIOUS_MOVE = YES;
				CLANG_WARN_UNREACHABLE_CODE = YES;
				CLANG_WARN__DUPLICATE_METHOD_MATCH = YES;
				"CODE_SIGN_IDENTITY[sdk=iphoneos*]" = "iPhone Developer";
				COPY_PHASE_STRIP = NO;
				DEBUG_INFORMATION_FORMAT = "dwarf-with-dsym";
				ENABLE_NS_ASSERTIONS = NO;
				ENABLE_STRICT_OBJC_MSGSEND = YES;
				GCC_C_LANGUAGE_STANDARD = gnu99;
				GCC_NO_COMMON_BLOCKS = YES;
				GCC_WARN_64_TO_32_BIT_CONVERSION = YES;
				GCC_WARN_ABOUT_RETURN_TYPE = YES_ERROR;
				GCC_WARN_UNDECLARED_SELECTOR = YES;
				GCC_WARN_UNINITIALIZED_AUTOS = YES_AGGRESSIVE;
				GCC_WARN_UNUSED_FUNCTION = YES;
				GCC_WARN_UNUSED_VARIABLE = YES;
				IPHONEOS_DEPLOYMENT_TARGET = 10.2;
				MTL_ENABLE_DEBUG_INFO = NO;
				SDKROOT = iphoneos;
				SWIFT_OPTIMIZATION_LEVEL = "-Owholemodule";
				TARGETED_DEVICE_FAMILY = "1,2";
				VALIDATE_PRODUCT = YES;
			};
			name = Release;
		};
		3EAFC3591E14FFB100F9B35C /* Debug */ = {
			isa = XCBuildConfiguration;
			buildSettings = {
				ASSETCATALOG_COMPILER_APPICON_NAME = AppIcon;
				INFOPLIST_FILE = Closer/Info.plist;
				LD_RUNPATH_SEARCH_PATHS = "$(inherited) @executable_path/Frameworks";
				PRODUCT_BUNDLE_IDENTIFIER = Kaiming.Closer;
				PRODUCT_NAME = "$(TARGET_NAME)";
				SWIFT_VERSION = 3.0;
			};
			name = Debug;
		};
		3EAFC35A1E14FFB100F9B35C /* Release */ = {
			isa = XCBuildConfiguration;
			buildSettings = {
				ASSETCATALOG_COMPILER_APPICON_NAME = AppIcon;
				INFOPLIST_FILE = Closer/Info.plist;
				LD_RUNPATH_SEARCH_PATHS = "$(inherited) @executable_path/Frameworks";
				PRODUCT_BUNDLE_IDENTIFIER = Kaiming.Closer;
				PRODUCT_NAME = "$(TARGET_NAME)";
				SWIFT_VERSION = 3.0;
			};
			name = Release;
		};
/* End XCBuildConfiguration section */

/* Begin XCConfigurationList section */
		3EAFC3411E14FFB100F9B35C /* Build configuration list for PBXProject "Closer" */ = {
			isa = XCConfigurationList;
			buildConfigurations = (
				3EAFC3561E14FFB100F9B35C /* Debug */,
				3EAFC3571E14FFB100F9B35C /* Release */,
			);
			defaultConfigurationIsVisible = 0;
			defaultConfigurationName = Release;
		};
		3EAFC3581E14FFB100F9B35C /* Build configuration list for PBXNativeTarget "Closer" */ = {
			isa = XCConfigurationList;
			buildConfigurations = (
				3EAFC3591E14FFB100F9B35C /* Debug */,
				3EAFC35A1E14FFB100F9B35C /* Release */,
			);
			defaultConfigurationIsVisible = 0;
			defaultConfigurationName = Release;
		};
/* End XCConfigurationList section */
	};
	rootObject = 3EAFC33E1E14FFB100F9B35C /* Project object */;
}
